<?xml version="1.0" encoding="utf-8"?>
<Project ToolsVersion="4.0" xmlns="http://schemas.microsoft.com/developer/msbuild/2003">
  <ItemGroup>
    <Filter Include="Header Files">
      <UniqueIdentifier>{93995380-89BD-4b04-88EB-625FBE52EBFB}</UniqueIdentifier>
      <Extensions>h;hpp;hxx;hm;inl;inc;xsd</Extensions>
    </Filter>
    <Filter Include="Resource Files">
      <UniqueIdentifier>{67DA6AB6-F800-4c08-8B7A-83BB121AAD01}</UniqueIdentifier>
      <Extensions>rc;ico;cur;bmp;dlg;rc2;rct;bin;rgs;gif;jpg;jpeg;jpe;resx;tiff;tif;png;wav</Extensions>
    </Filter>
    <Filter Include="Source Files">
      <UniqueIdentifier>{4FC737F1-C7A5-4376-A066-2A32D752A2FF}</UniqueIdentifier>
      <Extensions>cpp;c;cc;cxx;def;odl;idl;hpj;bat;asm;asmx</Extensions>
    </Filter>
    <Filter Include="Tagging">
      <UniqueIdentifier>{93017876-4a7d-4420-8d7e-348b9e91cf7c}</UniqueIdentifier>
    </Filter>
  </ItemGroup>
  <ItemGroup>
    <ClInclude Include="enc_base.h">
      <Filter>Header Files</Filter>
    </ClInclude>
    <ClInclude Include="enc_custom.h">
      <Filter>Header Files</Filter>
    </ClInclude>
    <ClInclude Include="enc_vorbis.h">
      <Filter>Header Files</Filter>
    </ClInclude>
    <ClInclude Include="encode.h">
      <Filter>Header Files</Filter>
    </ClInclude>
    <ClInclude Include="extract.h">
      <Filter>Header Files</Filter>
    </ClInclude>
    <ClInclude Include="mainwnd.h">
      <Filter>Header Files</Filter>
    </ClInclude>
    <ClInclude Include="musicroom.h">
      <Filter>Header Files</Filter>
    </ClInclude>
    <ClInclude Include="parse.h">
      <Filter>Header Files</Filter>
    </ClInclude>
    <ClInclude Include="pm.h">
      <Filter>Header Files</Filter>
    </ClInclude>
    <ClInclude Include="scan.h">
      <Filter>Header Files</Filter>
    </ClInclude>
    <ClInclude Include="stream.h">
      <Filter>Header Files</Filter>
    </ClInclude>
    <ClInclude Include="widgets.h">
      <Filter>Header Files</Filter>
    </ClInclude>
    <ClInclude Include="tag_base.h">
      <Filter>Tagging</Filter>
    </ClInclude>
    <ClInclude Include="tag_id3v2.h">
      <Filter>Tagging</Filter>
    </ClInclude>
    <ClInclude Include="tag_vorbis.h">
      <Filter>Tagging</Filter>
    </ClInclude>
    <ClInclude Include="tagger.h">
      <Filter>Tagging</Filter>
    </ClInclude>
  </ItemGroup>
  <ItemGroup>
    <ClCompile Include="Akyu.cpp">
      <Filter>Resource Files</Filter>
    </ClCompile>
    <ClCompile Include="enc_custom.cpp">
      <Filter>Source Files</Filter>
    </ClCompile>
    <ClCompile Include="enc_vorbis.cpp">
      <Filter>Source Files</Filter>
    </ClCompile>
    <ClCompile Include="encode.cpp">
      <Filter>Source Files</Filter>
    </ClCompile>
    <ClCompile Include="extract.cpp">
      <Filter>Source Files</Filter>
    </ClCompile>
    <ClCompile Include="mainwnd.cpp">
      <Filter>Source Files</Filter>
    </ClCompile>
    <ClCompile Include="musicroom.cpp">
      <Filter>Source Files</Filter>
    </ClCompile>
    <ClCompile Include="parse.cpp">
      <Filter>Source Files</Filter>
    </ClCompile>
    <ClCompile Include="pm_pbg6.cpp">
      <Filter>Source Files</Filter>
    </ClCompile>
    <ClCompile Include="scan.cpp">
      <Filter>Source Files</Filter>
    </ClCompile>
    <ClCompile Include="stream.cpp">
      <Filter>Source Files</Filter>
    </ClCompile>
    <ClCompile Include="widgets.cpp">
      <Filter>Source Files</Filter>
    </ClCompile>
    <ClCompile Include="wikiupdate.cpp">
      <Filter>Source Files</Filter>
    </ClCompile>
    <ClCompile Include="tag_base.cpp">
      <Filter>Tagging</Filter>
    </ClCompile>
    <ClCompile Include="tag_id3v2.cpp">
      <Filter>Tagging</Filter>
    </ClCompile>
    <ClCompile Include="tag_vorbis.cpp">
      <Filter>Tagging</Filter>
    </ClCompile>
    <ClCompile Include="tagger.cpp">
      <Filter>Tagging</Filter>
    </ClCompile>
  </ItemGroup>
  <ItemGroup>
    <None Include="Akyu.ico">
      <Filter>Resource Files</Filter>
    </None>
  </ItemGroup>
  <ItemGroup>
    <ResourceCompile Include="musicroom.rc">
      <Filter>Resource Files</Filter>
    </ResourceCompile>
  </ItemGroup>
</Project>