
Microsoft Visual Studio Solution File, Format Version 10.00
# Visual C++ Express 2008
Project("{8BC9CEB8-8B4A-11D0-8D11-00A0C91BC942}") = "adie", "adie\adie.vcproj", "{BA941153-2280-45DC-A17D-5D809ED522D8}"
	ProjectSection(ProjectDependencies) = postProject
		{928878E5-5ADE-4D07-B025-19CB7BD29FA6} = {928878E5-5ADE-4D07-B025-19CB7BD29FA6}
	EndProjectSection
EndProject
Project("{8BC9CEB8-8B4A-11D0-8D11-00A0C91BC942}") = "bitmapviewer", "bitmapviewer\bitmapviewer.vcproj", "{3B26B713-73C5-4958-8510-D46B35775BE8}"
EndProject
Project("{8BC9CEB8-8B4A-11D0-8D11-00A0C91BC942}") = "button", "button\button.vcproj", "{5C76C240-B91B-4CE6-AF64-1DA1D289B09A}"
EndProject
Project("{8BC9CEB8-8B4A-11D0-8D11-00A0C91BC942}") = "calculator", "calculator\calculator.vcproj", "{B5260649-A8A4-4482-B92A-9094C54B1CD2}"
	ProjectSection(ProjectDependencies) = postProject
		{928878E5-5ADE-4D07-B025-19CB7BD29FA6} = {928878E5-5ADE-4D07-B025-19CB7BD29FA6}
	EndProjectSection
EndProject
Project("{8BC9CEB8-8B4A-11D0-8D11-00A0C91BC942}") = "chart", "chart\chart.vcproj", "{D69A0089-B8F5-4DD4-A6B4-BCC6F3C72CDE}"
	ProjectSection(ProjectDependencies) = postProject
		{928878E5-5ADE-4D07-B025-19CB7BD29FA6} = {928878E5-5ADE-4D07-B025-19CB7BD29FA6}
	EndProjectSection
EndProject
Project("{8BC9CEB8-8B4A-11D0-8D11-00A0C91BC942}") = "datatarget", "datatarget\datatarget.vcproj", "{2A47CD2D-1BB5-4F54-ABE0-4457BE72D33D}"
EndProject
Project("{8BC9CEB8-8B4A-11D0-8D11-00A0C91BC942}") = "dctest", "dctest\dctest.vcproj", "{5E35751E-E0B5-4664-9F2F-B61EEAD868FD}"
EndProject
Project("{8BC9CEB8-8B4A-11D0-8D11-00A0C91BC942}") = "dialog", "dialog\dialog.vcproj", "{65487EE4-4036-4895-B23B-E85C9C58287C}"
EndProject
Project("{8BC9CEB8-8B4A-11D0-8D11-00A0C91BC942}") = "dirlist", "dirlist\dirlist.vcproj", "{FA4CFFC6-6798-4510-B8F9-BCBB2D887541}"
EndProject
Project("{8BC9CEB8-8B4A-11D0-8D11-00A0C91BC942}") = "expression", "expression\expression.vcproj", "{3BBD3AF3-32C0-409C-90B7-5A7F36CF419A}"
EndProject
Project("{8BC9CEB8-8B4A-11D0-8D11-00A0C91BC942}") = "format", "format\format.vcproj", "{4E8AFA86-0444-4CA1-801D-90BF04F274BE}"
EndProject
Project("{8BC9CEB8-8B4A-11D0-8D11-00A0C91BC942}") = "foursplit", "foursplit\foursplit.vcproj", "{39924F55-A1A0-42D6-9F78-EA0A268055D6}"
EndProject
Project("{8BC9CEB8-8B4A-11D0-8D11-00A0C91BC942}") = "gltest", "gltest\gltest.vcproj", "{EF63410A-D22E-46AB-8CFA-E33440E256D7}"
EndProject
Project("{8BC9CEB8-8B4A-11D0-8D11-00A0C91BC942}") = "glviewer", "glviewer\glviewer.vcproj", "{38C5F722-FC8A-4C3C-A993-F83116D5050B}"
EndProject
Project("{8BC9CEB8-8B4A-11D0-8D11-00A0C91BC942}") = "groupbox", "groupbox\groupbox.vcproj", "{52BB34F2-CE14-4D5F-975C-1A475426368B}"
EndProject
Project("{8BC9CEB8-8B4A-11D0-8D11-00A0C91BC942}") = "header", "header\header.vcproj", "{1A67E51A-82D4-439D-82C8-C3C75F2E7189}"
EndProject
Project("{8BC9CEB8-8B4A-11D0-8D11-00A0C91BC942}") = "hello", "hello\hello.vcproj", "{46A618D0-69E0-46F0-9B1E-012DA61EB55F}"
EndProject
Project("{8BC9CEB8-8B4A-11D0-8D11-00A0C91BC942}") = "hello2", "hello2\hello2.vcproj", "{869F0731-22F3-436E-81E2-6DD560868C82}"
EndProject
Project("{8BC9CEB8-8B4A-11D0-8D11-00A0C91BC942}") = "iconlist", "iconlist\iconlist.vcproj", "{2718D915-4B30-4A65-9D96-AD7509D2D053}"
EndProject
Project("{8BC9CEB8-8B4A-11D0-8D11-00A0C91BC942}") = "image", "image\image.vcproj", "{82444300-AA92-414B-95E1-22AFDDAE9DED}"
EndProject
Project("{8BC9CEB8-8B4A-11D0-8D11-00A0C91BC942}") = "imageviewer", "imageviewer\imageviewer.vcproj", "{FF87A9E3-703B-4D0E-9448-B43239526AD4}"
EndProject
Project("{8BC9CEB8-8B4A-11D0-8D11-00A0C91BC942}") = "layout", "layout\layout.vcproj", "{A83ACDF3-5FCD-47E0-B201-8DBAAD420EB9}"
EndProject
Project("{8BC9CEB8-8B4A-11D0-8D11-00A0C91BC942}") = "mditest", "mditest\mditest.vcproj", "{4F2DC7BC-06CA-4E40-BCD2-D7BF1276DD03}"
EndProject
Project("{8BC9CEB8-8B4A-11D0-8D11-00A0C91BC942}") = "memmap", "memmap\memmap.vcproj", "{D5CC5E73-1FB0-4F78-878D-D2B5E87440B0}"
EndProject
Project("{8BC9CEB8-8B4A-11D0-8D11-00A0C91BC942}") = "minheritance", "minheritance\minheritance.vcproj", "{47B9628A-DB4C-4C5F-AED9-3041FD47BCDC}"
EndProject
Project("{8BC9CEB8-8B4A-11D0-8D11-00A0C91BC942}") = "pathfinder", "pathfinder\pathfinder.vcproj", "{74C799A4-31E5-435A-8687-48B02CF72C26}"
	ProjectSection(ProjectDependencies) = postProject
		{928878E5-5ADE-4D07-B025-19CB7BD29FA6} = {928878E5-5ADE-4D07-B025-19CB7BD29FA6}
	EndProjectSection
EndProject
Project("{8BC9CEB8-8B4A-11D0-8D11-00A0C91BC942}") = "ratio", "ratio\ratio.vcproj", "{D1AEA873-E7D9-4F06-A5C6-CC3BAE766D6D}"
EndProject
Project("{8BC9CEB8-8B4A-11D0-8D11-00A0C91BC942}") = "reswrap", "reswrap\reswrap.vcproj", "{928878E5-5ADE-4D07-B025-19CB7BD29FA6}"
EndProject
Project("{8BC9CEB8-8B4A-11D0-8D11-00A0C91BC942}") = "scribble", "scribble\scribble.vcproj", "{AC4EADE5-2EA0-4B3C-AF67-DA436ED21346}"
EndProject
Project("{8BC9CEB8-8B4A-11D0-8D11-00A0C91BC942}") = "shutter", "shutter\shutter.vcproj", "{4DB6DF2B-5929-4F04-B6FA-5524FC03D226}"
EndProject
Project("{8BC9CEB8-8B4A-11D0-8D11-00A0C91BC942}") = "shutterbug", "shutterbug\shutterbug.vcproj", "{7D9555C3-D335-40B4-90A8-495B0D2A3423}"
	ProjectSection(ProjectDependencies) = postProject
		{928878E5-5ADE-4D07-B025-19CB7BD29FA6} = {928878E5-5ADE-4D07-B025-19CB7BD29FA6}
	EndProjectSection
EndProject
Project("{8BC9CEB8-8B4A-11D0-8D11-00A0C91BC942}") = "splitter", "splitter\splitter.vcproj", "{81E57A60-73AB-48E1-B48C-C6F8E6A5ABBF}"
EndProject
Project("{8BC9CEB8-8B4A-11D0-8D11-00A0C91BC942}") = "switcher", "switcher\switcher.vcproj", "{53162670-83BA-403B-84BD-2D3C9E41BA7A}"
EndProject
Project("{8BC9CEB8-8B4A-11D0-8D11-00A0C91BC942}") = "tabbook", "tabbook\tabbook.vcproj", "{D2067125-0886-4B46-81F8-DF534DA835B3}"
EndProject
Project("{8BC9CEB8-8B4A-11D0-8D11-00A0C91BC942}") = "table", "table\table.vcproj", "{FC6EB7A9-8331-40C6-81A1-BF027481764C}"
EndProject
Project("{8BC9CEB8-8B4A-11D0-8D11-00A0C91BC942}") = "wizard", "wizard\wizard.vcproj", "{D46D9939-CA51-4003-BB78-F16D2BAB72AC}"
EndProject
Project("{8BC9CEB8-8B4A-11D0-8D11-00A0C91BC942}") = "thread", "thread\thread.vcproj", "{098826C9-10F2-4623-83E9-1508B7EE8DC4}"
EndProject
Project("{8BC9CEB8-8B4A-11D0-8D11-00A0C91BC942}") = "fox", "fox\fox.vcproj", "{52C10160-1101-43E5-AECF-28259831318D}"
EndProject
Global
	GlobalSection(SolutionConfigurationPlatforms) = preSolution
		Debug|Win32 = Debug|Win32
		Release|Win32 = Release|Win32
	EndGlobalSection
	GlobalSection(ProjectConfigurationPlatforms) = postSolution
		{BA941153-2280-45DC-A17D-5D809ED522D8}.Debug|Win32.ActiveCfg = Debug|Win32
		{BA941153-2280-45DC-A17D-5D809ED522D8}.Debug|Win32.Build.0 = Debug|Win32
		{BA941153-2280-45DC-A17D-5D809ED522D8}.Release|Win32.ActiveCfg = Release|Win32
		{BA941153-2280-45DC-A17D-5D809ED522D8}.Release|Win32.Build.0 = Release|Win32
		{3B26B713-73C5-4958-8510-D46B35775BE8}.Debug|Win32.ActiveCfg = Debug|Win32
		{3B26B713-73C5-4958-8510-D46B35775BE8}.Debug|Win32.Build.0 = Debug|Win32
		{3B26B713-73C5-4958-8510-D46B35775BE8}.Release|Win32.ActiveCfg = Release|Win32
		{3B26B713-73C5-4958-8510-D46B35775BE8}.Release|Win32.Build.0 = Release|Win32
		{5C76C240-B91B-4CE6-AF64-1DA1D289B09A}.Debug|Win32.ActiveCfg = Debug|Win32
		{5C76C240-B91B-4CE6-AF64-1DA1D289B09A}.Debug|Win32.Build.0 = Debug|Win32
		{5C76C240-B91B-4CE6-AF64-1DA1D289B09A}.Release|Win32.ActiveCfg = Release|Win32
		{5C76C240-B91B-4CE6-AF64-1DA1D289B09A}.Release|Win32.Build.0 = Release|Win32
		{B5260649-A8A4-4482-B92A-9094C54B1CD2}.Debug|Win32.ActiveCfg = Debug|Win32
		{B5260649-A8A4-4482-B92A-9094C54B1CD2}.Debug|Win32.Build.0 = Debug|Win32
		{B5260649-A8A4-4482-B92A-9094C54B1CD2}.Release|Win32.ActiveCfg = Release|Win32
		{B5260649-A8A4-4482-B92A-9094C54B1CD2}.Release|Win32.Build.0 = Release|Win32
		{D69A0089-B8F5-4DD4-A6B4-BCC6F3C72CDE}.Debug|Win32.ActiveCfg = Debug|Win32
		{D69A0089-B8F5-4DD4-A6B4-BCC6F3C72CDE}.Debug|Win32.Build.0 = Debug|Win32
		{D69A0089-B8F5-4DD4-A6B4-BCC6F3C72CDE}.Release|Win32.ActiveCfg = Release|Win32
		{D69A0089-B8F5-4DD4-A6B4-BCC6F3C72CDE}.Release|Win32.Build.0 = Release|Win32
		{2A47CD2D-1BB5-4F54-ABE0-4457BE72D33D}.Debug|Win32.ActiveCfg = Debug|Win32
		{2A47CD2D-1BB5-4F54-ABE0-4457BE72D33D}.Debug|Win32.Build.0 = Debug|Win32
		{2A47CD2D-1BB5-4F54-ABE0-4457BE72D33D}.Release|Win32.ActiveCfg = Release|Win32
		{2A47CD2D-1BB5-4F54-ABE0-4457BE72D33D}.Release|Win32.Build.0 = Release|Win32
		{5E35751E-E0B5-4664-9F2F-B61EEAD868FD}.Debug|Win32.ActiveCfg = Debug|Win32
		{5E35751E-E0B5-4664-9F2F-B61EEAD868FD}.Debug|Win32.Build.0 = Debug|Win32
		{5E35751E-E0B5-4664-9F2F-B61EEAD868FD}.Release|Win32.ActiveCfg = Release|Win32
		{5E35751E-E0B5-4664-9F2F-B61EEAD868FD}.Release|Win32.Build.0 = Release|Win32
		{65487EE4-4036-4895-B23B-E85C9C58287C}.Debug|Win32.ActiveCfg = Debug|Win32
		{65487EE4-4036-4895-B23B-E85C9C58287C}.Debug|Win32.Build.0 = Debug|Win32
		{65487EE4-4036-4895-B23B-E85C9C58287C}.Release|Win32.ActiveCfg = Release|Win32
		{65487EE4-4036-4895-B23B-E85C9C58287C}.Release|Win32.Build.0 = Release|Win32
		{FA4CFFC6-6798-4510-B8F9-BCBB2D887541}.Debug|Win32.ActiveCfg = Debug|Win32
		{FA4CFFC6-6798-4510-B8F9-BCBB2D887541}.Debug|Win32.Build.0 = Debug|Win32
		{FA4CFFC6-6798-4510-B8F9-BCBB2D887541}.Release|Win32.ActiveCfg = Release|Win32
		{FA4CFFC6-6798-4510-B8F9-BCBB2D887541}.Release|Win32.Build.0 = Release|Win32
		{3BBD3AF3-32C0-409C-90B7-5A7F36CF419A}.Debug|Win32.ActiveCfg = Debug|Win32
		{3BBD3AF3-32C0-409C-90B7-5A7F36CF419A}.Debug|Win32.Build.0 = Debug|Win32
		{3BBD3AF3-32C0-409C-90B7-5A7F36CF419A}.Release|Win32.ActiveCfg = Release|Win32
		{3BBD3AF3-32C0-409C-90B7-5A7F36CF419A}.Release|Win32.Build.0 = Release|Win32
		{4E8AFA86-0444-4CA1-801D-90BF04F274BE}.Debug|Win32.ActiveCfg = Debug|Win32
		{4E8AFA86-0444-4CA1-801D-90BF04F274BE}.Debug|Win32.Build.0 = Debug|Win32
		{4E8AFA86-0444-4CA1-801D-90BF04F274BE}.Release|Win32.ActiveCfg = Release|Win32
		{4E8AFA86-0444-4CA1-801D-90BF04F274BE}.Release|Win32.Build.0 = Release|Win32
		{39924F55-A1A0-42D6-9F78-EA0A268055D6}.Debug|Win32.ActiveCfg = Debug|Win32
		{39924F55-A1A0-42D6-9F78-EA0A268055D6}.Debug|Win32.Build.0 = Debug|Win32
		{39924F55-A1A0-42D6-9F78-EA0A268055D6}.Release|Win32.ActiveCfg = Release|Win32
		{39924F55-A1A0-42D6-9F78-EA0A268055D6}.Release|Win32.Build.0 = Release|Win32
		{EF63410A-D22E-46AB-8CFA-E33440E256D7}.Debug|Win32.ActiveCfg = Debug|Win32
		{EF63410A-D22E-46AB-8CFA-E33440E256D7}.Debug|Win32.Build.0 = Debug|Win32
		{EF63410A-D22E-46AB-8CFA-E33440E256D7}.Release|Win32.ActiveCfg = Release|Win32
		{EF63410A-D22E-46AB-8CFA-E33440E256D7}.Release|Win32.Build.0 = Release|Win32
		{38C5F722-FC8A-4C3C-A993-F83116D5050B}.Debug|Win32.ActiveCfg = Debug|Win32
		{38C5F722-FC8A-4C3C-A993-F83116D5050B}.Debug|Win32.Build.0 = Debug|Win32
		{38C5F722-FC8A-4C3C-A993-F83116D5050B}.Release|Win32.ActiveCfg = Release|Win32
		{38C5F722-FC8A-4C3C-A993-F83116D5050B}.Release|Win32.Build.0 = Release|Win32
		{52BB34F2-CE14-4D5F-975C-1A475426368B}.Debug|Win32.ActiveCfg = Debug|Win32
		{52BB34F2-CE14-4D5F-975C-1A475426368B}.Debug|Win32.Build.0 = Debug|Win32
		{52BB34F2-CE14-4D5F-975C-1A475426368B}.Release|Win32.ActiveCfg = Release|Win32
		{52BB34F2-CE14-4D5F-975C-1A475426368B}.Release|Win32.Build.0 = Release|Win32
		{1A67E51A-82D4-439D-82C8-C3C75F2E7189}.Debug|Win32.ActiveCfg = Debug|Win32
		{1A67E51A-82D4-439D-82C8-C3C75F2E7189}.Debug|Win32.Build.0 = Debug|Win32
		{1A67E51A-82D4-439D-82C8-C3C75F2E7189}.Release|Win32.ActiveCfg = Release|Win32
		{1A67E51A-82D4-439D-82C8-C3C75F2E7189}.Release|Win32.Build.0 = Release|Win32
		{46A618D0-69E0-46F0-9B1E-012DA61EB55F}.Debug|Win32.ActiveCfg = Debug|Win32
		{46A618D0-69E0-46F0-9B1E-012DA61EB55F}.Debug|Win32.Build.0 = Debug|Win32
		{46A618D0-69E0-46F0-9B1E-012DA61EB55F}.Release|Win32.ActiveCfg = Release|Win32
		{46A618D0-69E0-46F0-9B1E-012DA61EB55F}.Release|Win32.Build.0 = Release|Win32
		{869F0731-22F3-436E-81E2-6DD560868C82}.Debug|Win32.ActiveCfg = Debug|Win32
		{869F0731-22F3-436E-81E2-6DD560868C82}.Debug|Win32.Build.0 = Debug|Win32
		{869F0731-22F3-436E-81E2-6DD560868C82}.Release|Win32.ActiveCfg = Release|Win32
		{869F0731-22F3-436E-81E2-6DD560868C82}.Release|Win32.Build.0 = Release|Win32
		{2718D915-4B30-4A65-9D96-AD7509D2D053}.Debug|Win32.ActiveCfg = Debug|Win32
		{2718D915-4B30-4A65-9D96-AD7509D2D053}.Debug|Win32.Build.0 = Debug|Win32
		{2718D915-4B30-4A65-9D96-AD7509D2D053}.Release|Win32.ActiveCfg = Release|Win32
		{2718D915-4B30-4A65-9D96-AD7509D2D053}.Release|Win32.Build.0 = Release|Win32
		{82444300-AA92-414B-95E1-22AFDDAE9DED}.Debug|Win32.ActiveCfg = Debug|Win32
		{82444300-AA92-414B-95E1-22AFDDAE9DED}.Debug|Win32.Build.0 = Debug|Win32
		{82444300-AA92-414B-95E1-22AFDDAE9DED}.Release|Win32.ActiveCfg = Release|Win32
		{82444300-AA92-414B-95E1-22AFDDAE9DED}.Release|Win32.Build.0 = Release|Win32
		{FF87A9E3-703B-4D0E-9448-B43239526AD4}.Debug|Win32.ActiveCfg = Debug|Win32
		{FF87A9E3-703B-4D0E-9448-B43239526AD4}.Debug|Win32.Build.0 = Debug|Win32
		{FF87A9E3-703B-4D0E-9448-B43239526AD4}.Release|Win32.ActiveCfg = Release|Win32
		{FF87A9E3-703B-4D0E-9448-B43239526AD4}.Release|Win32.Build.0 = Release|Win32
		{A83ACDF3-5FCD-47E0-B201-8DBAAD420EB9}.Debug|Win32.ActiveCfg = Debug|Win32
		{A83ACDF3-5FCD-47E0-B201-8DBAAD420EB9}.Debug|Win32.Build.0 = Debug|Win32
		{A83ACDF3-5FCD-47E0-B201-8DBAAD420EB9}.Release|Win32.ActiveCfg = Release|Win32
		{A83ACDF3-5FCD-47E0-B201-8DBAAD420EB9}.Release|Win32.Build.0 = Release|Win32
		{4F2DC7BC-06CA-4E40-BCD2-D7BF1276DD03}.Debug|Win32.ActiveCfg = Debug|Win32
		{4F2DC7BC-06CA-4E40-BCD2-D7BF1276DD03}.Debug|Win32.Build.0 = Debug|Win32
		{4F2DC7BC-06CA-4E40-BCD2-D7BF1276DD03}.Release|Win32.ActiveCfg = Release|Win32
		{4F2DC7BC-06CA-4E40-BCD2-D7BF1276DD03}.Release|Win32.Build.0 = Release|Win32
		{D5CC5E73-1FB0-4F78-878D-D2B5E87440B0}.Debug|Win32.ActiveCfg = Debug|Win32
		{D5CC5E73-1FB0-4F78-878D-D2B5E87440B0}.Debug|Win32.Build.0 = Debug|Win32
		{D5CC5E73-1FB0-4F78-878D-D2B5E87440B0}.Release|Win32.ActiveCfg = Release|Win32
		{D5CC5E73-1FB0-4F78-878D-D2B5E87440B0}.Release|Win32.Build.0 = Release|Win32
		{47B9628A-DB4C-4C5F-AED9-3041FD47BCDC}.Debug|Win32.ActiveCfg = Debug|Win32
		{47B9628A-DB4C-4C5F-AED9-3041FD47BCDC}.Debug|Win32.Build.0 = Debug|Win32
		{47B9628A-DB4C-4C5F-AED9-3041FD47BCDC}.Release|Win32.ActiveCfg = Release|Win32
		{47B9628A-DB4C-4C5F-AED9-3041FD47BCDC}.Release|Win32.Build.0 = Release|Win32
		{74C799A4-31E5-435A-8687-48B02CF72C26}.Debug|Win32.ActiveCfg = Debug|Win32
		{74C799A4-31E5-435A-8687-48B02CF72C26}.Debug|Win32.Build.0 = Debug|Win32
		{74C799A4-31E5-435A-8687-48B02CF72C26}.Release|Win32.ActiveCfg = Release|Win32
		{74C799A4-31E5-435A-8687-48B02CF72C26}.Release|Win32.Build.0 = Release|Win32
		{D1AEA873-E7D9-4F06-A5C6-CC3BAE766D6D}.Debug|Win32.ActiveCfg = Debug|Win32
		{D1AEA873-E7D9-4F06-A5C6-CC3BAE766D6D}.Debug|Win32.Build.0 = Debug|Win32
		{D1AEA873-E7D9-4F06-A5C6-CC3BAE766D6D}.Release|Win32.ActiveCfg = Release|Win32
		{D1AEA873-E7D9-4F06-A5C6-CC3BAE766D6D}.Release|Win32.Build.0 = Release|Win32
		{928878E5-5ADE-4D07-B025-19CB7BD29FA6}.Debug|Win32.ActiveCfg = Debug|Win32
		{928878E5-5ADE-4D07-B025-19CB7BD29FA6}.Debug|Win32.Build.0 = Debug|Win32
		{928878E5-5ADE-4D07-B025-19CB7BD29FA6}.Release|Win32.ActiveCfg = Release|Win32
		{928878E5-5ADE-4D07-B025-19CB7BD29FA6}.Release|Win32.Build.0 = Release|Win32
		{AC4EADE5-2EA0-4B3C-AF67-DA436ED21346}.Debug|Win32.ActiveCfg = Debug|Win32
		{AC4EADE5-2EA0-4B3C-AF67-DA436ED21346}.Debug|Win32.Build.0 = Debug|Win32
		{AC4EADE5-2EA0-4B3C-AF67-DA436ED21346}.Release|Win32.ActiveCfg = Release|Win32
		{AC4EADE5-2EA0-4B3C-AF67-DA436ED21346}.Release|Win32.Build.0 = Release|Win32
		{4DB6DF2B-5929-4F04-B6FA-5524FC03D226}.Debug|Win32.ActiveCfg = Debug|Win32
		{4DB6DF2B-5929-4F04-B6FA-5524FC03D226}.Debug|Win32.Build.0 = Debug|Win32
		{4DB6DF2B-5929-4F04-B6FA-5524FC03D226}.Release|Win32.ActiveCfg = Release|Win32
		{4DB6DF2B-5929-4F04-B6FA-5524FC03D226}.Release|Win32.Build.0 = Release|Win32
		{7D9555C3-D335-40B4-90A8-495B0D2A3423}.Debug|Win32.ActiveCfg = Debug|Win32
		{7D9555C3-D335-40B4-90A8-495B0D2A3423}.Debug|Win32.Build.0 = Debug|Win32
		{7D9555C3-D335-40B4-90A8-495B0D2A3423}.Release|Win32.ActiveCfg = Release|Win32
		{7D9555C3-D335-40B4-90A8-495B0D2A3423}.Release|Win32.Build.0 = Release|Win32
		{81E57A60-73AB-48E1-B48C-C6F8E6A5ABBF}.Debug|Win32.ActiveCfg = Debug|Win32
		{81E57A60-73AB-48E1-B48C-C6F8E6A5ABBF}.Debug|Win32.Build.0 = Debug|Win32
		{81E57A60-73AB-48E1-B48C-C6F8E6A5ABBF}.Release|Win32.ActiveCfg = Release|Win32
		{81E57A60-73AB-48E1-B48C-C6F8E6A5ABBF}.Release|Win32.Build.0 = Release|Win32
		{53162670-83BA-403B-84BD-2D3C9E41BA7A}.Debug|Win32.ActiveCfg = Debug|Win32
		{53162670-83BA-403B-84BD-2D3C9E41BA7A}.Debug|Win32.Build.0 = Debug|Win32
		{53162670-83BA-403B-84BD-2D3C9E41BA7A}.Release|Win32.ActiveCfg = Release|Win32
		{53162670-83BA-403B-84BD-2D3C9E41BA7A}.Release|Win32.Build.0 = Release|Win32
		{D2067125-0886-4B46-81F8-DF534DA835B3}.Debug|Win32.ActiveCfg = Debug|Win32
		{D2067125-0886-4B46-81F8-DF534DA835B3}.Debug|Win32.Build.0 = Debug|Win32
		{D2067125-0886-4B46-81F8-DF534DA835B3}.Release|Win32.ActiveCfg = Release|Win32
		{D2067125-0886-4B46-81F8-DF534DA835B3}.Release|Win32.Build.0 = Release|Win32
		{FC6EB7A9-8331-40C6-81A1-BF027481764C}.Debug|Win32.ActiveCfg = Debug|Win32
		{FC6EB7A9-8331-40C6-81A1-BF027481764C}.Debug|Win32.Build.0 = Debug|Win32
		{FC6EB7A9-8331-40C6-81A1-BF027481764C}.Release|Win32.ActiveCfg = Release|Win32
		{FC6EB7A9-8331-40C6-81A1-BF027481764C}.Release|Win32.Build.0 = Release|Win32
		{D46D9939-CA51-4003-BB78-F16D2BAB72AC}.Debug|Win32.ActiveCfg = Debug|Win32
		{D46D9939-CA51-4003-BB78-F16D2BAB72AC}.Debug|Win32.Build.0 = Debug|Win32
		{D46D9939-CA51-4003-BB78-F16D2BAB72AC}.Release|Win32.ActiveCfg = Release|Win32
		{D46D9939-CA51-4003-BB78-F16D2BAB72AC}.Release|Win32.Build.0 = Release|Win32
		{098826C9-10F2-4623-83E9-1508B7EE8DC4}.Debug|Win32.ActiveCfg = Debug|Win32
		{098826C9-10F2-4623-83E9-1508B7EE8DC4}.Debug|Win32.Build.0 = Debug|Win32
		{098826C9-10F2-4623-83E9-1508B7EE8DC4}.Release|Win32.ActiveCfg = Release|Win32
		{098826C9-10F2-4623-83E9-1508B7EE8DC4}.Release|Win32.Build.0 = Release|Win32
		{52C10160-1101-43E5-AECF-28259831318D}.Debug|Win32.ActiveCfg = Debug|Win32
		{52C10160-1101-43E5-AECF-28259831318D}.Debug|Win32.Build.0 = Debug|Win32
		{52C10160-1101-43E5-AECF-28259831318D}.Release|Win32.ActiveCfg = Release|Win32
		{52C10160-1101-43E5-AECF-28259831318D}.Release|Win32.Build.0 = Release|Win32
	EndGlobalSection
	GlobalSection(SolutionProperties) = preSolution
		HideSolutionNode = FALSE
	EndGlobalSection
EndGlobal
